
Microsoft Visual Studio Solution File, Format Version 12.00
# Visual Studio Version 17
VisualStudioVersion = 17.4.33205.214
MinimumVisualStudioVersion = 10.0.40219.1
Project("{FAE04EC0-301F-11D3-BF4B-00C04F79EFBC}") = "RentACarUI", "RentACarUI\RentACarUI.csproj", "{792C0D6D-A85E-45C0-84A6-8953B5508DB5}"
EndProject
Global
	GlobalSection(SolutionConfigurationPlatforms) = preSolution
		Debug|Any CPU = Debug|Any CPU
		Release|Any CPU = Release|Any CPU
	EndGlobalSection
	GlobalSection(ProjectConfigurationPlatforms) = postSolution
		{792C0D6D-A85E-45C0-84A6-8953B5508DB5}.Debug|Any CPU.ActiveCfg = Debug|Any CPU
		{792C0D6D-A85E-45C0-84A6-8953B5508DB5}.Debug|Any CPU.Build.0 = Debug|Any CPU
		{792C0D6D-A85E-45C0-84A6-8953B5508DB5}.Release|Any CPU.ActiveCfg = Release|Any CPU
		{792C0D6D-A85E-45C0-84A6-8953B5508DB5}.Release|Any CPU.Build.0 = Release|Any CPU
	EndGlobalSection
	GlobalSection(SolutionProperties) = preSolution
		HideSolutionNode = FALSE
	EndGlobalSection
	GlobalSection(ExtensibilityGlobals) = postSolution
		SolutionGuid = {5A830030-7EC0-476F-BE73-4E972FB026A9}
	EndGlobalSection
EndGlobal
